
Microsoft Visual Studio Solution File, Format Version 12.00
# Visual Studio Version 17
VisualStudioVersion = 17.1.32421.90
MinimumVisualStudioVersion = 10.0.40219.1
Project("{9A19103F-16F7-4668-BE54-9A1E7A4F7556}") = "BSWeBtoon.Front", "BSWeBtoon.Front\BSWeBtoon.Front.csproj", "{B01E875A-F60E-4BC0-A1A5-66FA3F25875C}"
EndProject
Project("{9A19103F-16F7-4668-BE54-9A1E7A4F7556}") = "Mvcdemo.Admin", "Mvcdemo.Admin\Mvcdemo.Admin.csproj", "{8AC77815-746E-4A1B-B9E3-C89EFDCDB5EC}"
EndProject
Project("{FAE04EC0-301F-11D3-BF4B-00C04F79EFBC}") = "Mvcdemo.Model", "Mvcdemo.Model\Mvcdemo.Model.csproj", "{92EE3544-2998-4C8F-8021-8FCEEE015271}"
EndProject
Global
	GlobalSection(SolutionConfigurationPlatforms) = preSolution
		Debug|Any CPU = Debug|Any CPU
		Release|Any CPU = Release|Any CPU
	EndGlobalSection
	GlobalSection(ProjectConfigurationPlatforms) = postSolution
		{B01E875A-F60E-4BC0-A1A5-66FA3F25875C}.Debug|Any CPU.ActiveCfg = Debug|Any CPU
		{B01E875A-F60E-4BC0-A1A5-66FA3F25875C}.Debug|Any CPU.Build.0 = Debug|Any CPU
		{B01E875A-F60E-4BC0-A1A5-66FA3F25875C}.Release|Any CPU.ActiveCfg = Release|Any CPU
		{B01E875A-F60E-4BC0-A1A5-66FA3F25875C}.Release|Any CPU.Build.0 = Release|Any CPU
		{8AC77815-746E-4A1B-B9E3-C89EFDCDB5EC}.Debug|Any CPU.ActiveCfg = Debug|Any CPU
		{8AC77815-746E-4A1B-B9E3-C89EFDCDB5EC}.Debug|Any CPU.Build.0 = Debug|Any CPU
		{8AC77815-746E-4A1B-B9E3-C89EFDCDB5EC}.Release|Any CPU.ActiveCfg = Release|Any CPU
		{8AC77815-746E-4A1B-B9E3-C89EFDCDB5EC}.Release|Any CPU.Build.0 = Release|Any CPU
		{92EE3544-2998-4C8F-8021-8FCEEE015271}.Debug|Any CPU.ActiveCfg = Debug|Any CPU
		{92EE3544-2998-4C8F-8021-8FCEEE015271}.Debug|Any CPU.Build.0 = Debug|Any CPU
		{92EE3544-2998-4C8F-8021-8FCEEE015271}.Release|Any CPU.ActiveCfg = Release|Any CPU
		{92EE3544-2998-4C8F-8021-8FCEEE015271}.Release|Any CPU.Build.0 = Release|Any CPU
	EndGlobalSection
	GlobalSection(SolutionProperties) = preSolution
		HideSolutionNode = FALSE
	EndGlobalSection
	GlobalSection(ExtensibilityGlobals) = postSolution
		SolutionGuid = {48F5DA3F-217A-4340-8A09-1EF7A44A9591}
	EndGlobalSection
EndGlobal
